{
  "name": "examples",
  "version": "1.0.0",
  "lockfileVersion": 2,
  "requires": true,
  "packages": {
    "": {
      "version": "1.0.0",
      "license": "ISC",
      "dependencies": {
        "fe-standard-lint": "file:.."
      }
    },
    "..": {
      "version": "1.0.0",
      "license": "MIT",
      "devDependencies": {
        "@rollup/plugin-commonjs": "^22.0.0",
        "@rollup/plugin-node-resolve": "^13.3.0",
        "@rollup/plugin-typescript": "^8.3.3",
        "@typescript-eslint/eslint-plugin": "^5.28.0",
        "@typescript-eslint/parser": "^5.28.0",
        "commitizen": "^4.2.4",
        "cz-conventional-changelog": "^3.3.0",
        "dts-bundle-generator": "^6.12.0",
        "eslint": "^8.17.0",
        "eslint-config-prettier": "^8.5.0",
        "eslint-plugin-import": "^2.26.0",
        "git-cz": "^4.9.0",
        "husky": "^8.0.1",
        "lint-staged": "^13.0.1",
        "prettier": "^2.7.0",
        "rimraf": "^3.0.2",
        "rollup": "^2.75.6",
        "rollup-plugin-terser": "^7.0.2",
        "typescript": "^4.7.3"
      }
    },
    "node_modules/fe-standard-lint": {
      "resolved": "..",
      "link": true
    }
  },
  "dependencies": {
    "fe-standard-lint": {
      "version": "file:..",
      "requires": {
        "@rollup/plugin-commonjs": "^22.0.0",
        "@rollup/plugin-node-resolve": "^13.3.0",
        "@rollup/plugin-typescript": "^8.3.3",
        "@typescript-eslint/eslint-plugin": "^5.28.0",
        "@typescript-eslint/parser": "^5.28.0",
        "commitizen": "^4.2.4",
        "cz-conventional-changelog": "^3.3.0",
        "dts-bundle-generator": "^6.12.0",
        "eslint": "^8.17.0",
        "eslint-config-prettier": "^8.5.0",
        "eslint-plugin-import": "^2.26.0",
        "git-cz": "^4.9.0",
        "husky": "^8.0.1",
        "lint-staged": "^13.0.1",
        "prettier": "^2.7.0",
        "rimraf": "^3.0.2",
        "rollup": "^2.75.6",
        "rollup-plugin-terser": "^7.0.2",
        "typescript": "^4.7.3"
      }
    }
  }
}
